{
  "originHash" : "0c137a27e34c18a0c2c39cb43c13b093ab4a45e852fabb4156bf686abcc62c30",
  "pins" : [
    {
      "identity" : "pipecat-client-ios",
      "kind" : "remoteSourceControl",
      "location" : "https://github.com/pipecat-ai/pipecat-client-ios.git",
      "state" : {
        "revision" : "c679512e367002a1a67da85d503fec72d9b17191",
        "version" : "0.3.2"
      }
    },
    {
      "identity" : "pipecat-client-ios-gemini-live-websocket",
      "kind" : "remoteSourceControl",
      "location" : "https://github.com/pipecat-ai/pipecat-client-ios-gemini-live-websocket",
      "state" : {
        "revision" : "707bd37eec7398d2fd0c26a45de98642c24d7e0b",
        "version" : "0.3.3"
      }
    }
  ],
  "version" : 3
}
