{
  "originHash" : "0c137a27e34c18a0c2c39cb43c13b093ab4a45e852fabb4156bf686abcc62c30",
  "pins" : [
    {
      "identity" : "pipecat-client-ios",
      "kind" : "remoteSourceControl",
      "location" : "https://github.com/pipecat-ai/pipecat-client-ios.git",
      "state" : {
        "revision" : "d2d9946cf93f1e89290c724caa1631cffa439524",
        "version" : "0.3.1"
      }
    },
    {
      "identity" : "pipecat-client-ios-gemini-live-websocket",
      "kind" : "remoteSourceControl",
      "location" : "https://github.com/pipecat-ai/pipecat-client-ios-gemini-live-websocket",
      "state" : {
        "revision" : "31a526e73a2eaf8d885ec3f5da9e6b0490854eef",
        "version" : "0.3.2"
      }
    }
  ],
  "version" : 3
}
